
Microsoft Visual Studio Solution File, Format Version 12.00
# Visual Studio 15
VisualStudioVersion = 15.0.35213.121
MinimumVisualStudioVersion = 10.0.40219.1
Project("{FAE04EC0-301F-11D3-BF4B-00C04F79EFBC}") = "Arac_Kiralama_Otomasyonu", "AracKiralamaOtomasyonu3\Arac_Kiralama_Otomasyonu.csproj", "{BD8D1727-BD86-4CDB-9E79-52442DDAAD9F}"
EndProject
Project("{54435603-DBB4-11D2-8724-00A0C9A8B90C}") = "AracKiralama", "AracKiralama\AracKiralama.vdproj", "{06AA0040-3358-42B6-AF01-55B37FE23AD5}"
EndProject
Global
	GlobalSection(SolutionConfigurationPlatforms) = preSolution
		Debug|Any CPU = Debug|Any CPU
		Release|Any CPU = Release|Any CPU
	EndGlobalSection
	GlobalSection(ProjectConfigurationPlatforms) = postSolution
		{BD8D1727-BD86-4CDB-9E79-52442DDAAD9F}.Debug|Any CPU.ActiveCfg = Debug|Any CPU
		{BD8D1727-BD86-4CDB-9E79-52442DDAAD9F}.Debug|Any CPU.Build.0 = Debug|Any CPU
		{BD8D1727-BD86-4CDB-9E79-52442DDAAD9F}.Release|Any CPU.ActiveCfg = Release|Any CPU
		{BD8D1727-BD86-4CDB-9E79-52442DDAAD9F}.Release|Any CPU.Build.0 = Release|Any CPU
		{06AA0040-3358-42B6-AF01-55B37FE23AD5}.Debug|Any CPU.ActiveCfg = Debug
		{06AA0040-3358-42B6-AF01-55B37FE23AD5}.Release|Any CPU.ActiveCfg = Release
	EndGlobalSection
	GlobalSection(SolutionProperties) = preSolution
		HideSolutionNode = FALSE
	EndGlobalSection
	GlobalSection(ExtensibilityGlobals) = postSolution
		SolutionGuid = {54976F2C-9434-44F0-904B-799A0926ECF7}
	EndGlobalSection
EndGlobal
